
Microsoft Visual Studio Solution File, Format Version 12.00
# Visual Studio 15
VisualStudioVersion = 15.0.27703.2018
MinimumVisualStudioVersion = 10.0.40219.1
Project("{FAE04EC0-301F-11D3-BF4B-00C04F79EFBC}") = "Ex2.Android", "Ex2\Ex2.Android\Ex2.Android.csproj", "{6FDAC3D0-F571-4DE9-A96E-17C467870693}"
EndProject
Project("{FAE04EC0-301F-11D3-BF4B-00C04F79EFBC}") = "Ex2.iOS", "Ex2\Ex2.iOS\Ex2.iOS.csproj", "{383AC236-E18F-4A10-A669-03FBE4B451FC}"
EndProject
Project("{FAE04EC0-301F-11D3-BF4B-00C04F79EFBC}") = "Ex2.UWP", "Ex2\Ex2.UWP\Ex2.UWP.csproj", "{09C157C4-726B-45BE-99F5-FE2F92990D19}"
EndProject
Project("{D954291E-2A0B-460D-934E-DC6B0785DB48}") = "Ex2", "Ex2\Ex2\Ex2.shproj", "{45DE1E37-4733-401E-8A73-57C89BE4222E}"
EndProject
Global
	GlobalSection(SharedMSBuildProjectFiles) = preSolution
		Ex2\Ex2\Ex2.projitems*{09c157c4-726b-45be-99f5-fe2f92990d19}*SharedItemsImports = 4
		Ex2\Ex2\Ex2.projitems*{383ac236-e18f-4a10-a669-03fbe4b451fc}*SharedItemsImports = 4
		Ex2\Ex2\Ex2.projitems*{45de1e37-4733-401e-8a73-57c89be4222e}*SharedItemsImports = 13
		Ex2\Ex2\Ex2.projitems*{6fdac3d0-f571-4de9-a96e-17c467870693}*SharedItemsImports = 4
	EndGlobalSection
	GlobalSection(SolutionConfigurationPlatforms) = preSolution
		Ad-Hoc|Any CPU = Ad-Hoc|Any CPU
		Ad-Hoc|ARM = Ad-Hoc|ARM
		Ad-Hoc|iPhone = Ad-Hoc|iPhone
		Ad-Hoc|iPhoneSimulator = Ad-Hoc|iPhoneSimulator
		Ad-Hoc|x64 = Ad-Hoc|x64
		Ad-Hoc|x86 = Ad-Hoc|x86
		AppStore|Any CPU = AppStore|Any CPU
		AppStore|ARM = AppStore|ARM
		AppStore|iPhone = AppStore|iPhone
		AppStore|iPhoneSimulator = AppStore|iPhoneSimulator
		AppStore|x64 = AppStore|x64
		AppStore|x86 = AppStore|x86
		Debug|Any CPU = Debug|Any CPU
		Debug|ARM = Debug|ARM
		Debug|iPhone = Debug|iPhone
		Debug|iPhoneSimulator = Debug|iPhoneSimulator
		Debug|x64 = Debug|x64
		Debug|x86 = Debug|x86
		Release|Any CPU = Release|Any CPU
		Release|ARM = Release|ARM
		Release|iPhone = Release|iPhone
		Release|iPhoneSimulator = Release|iPhoneSimulator
		Release|x64 = Release|x64
		Release|x86 = Release|x86
	EndGlobalSection
	GlobalSection(ProjectConfigurationPlatforms) = postSolution
		{6FDAC3D0-F571-4DE9-A96E-17C467870693}.Ad-Hoc|Any CPU.ActiveCfg = Release|Any CPU
		{6FDAC3D0-F571-4DE9-A96E-17C467870693}.Ad-Hoc|Any CPU.Build.0 = Release|Any CPU
		{6FDAC3D0-F571-4DE9-A96E-17C467870693}.Ad-Hoc|Any CPU.Deploy.0 = Release|Any CPU
		{6FDAC3D0-F571-4DE9-A96E-17C467870693}.Ad-Hoc|ARM.ActiveCfg = Release|Any CPU
		{6FDAC3D0-F571-4DE9-A96E-17C467870693}.Ad-Hoc|ARM.Build.0 = Release|Any CPU
		{6FDAC3D0-F571-4DE9-A96E-17C467870693}.Ad-Hoc|ARM.Deploy.0 = Release|Any CPU
		{6FDAC3D0-F571-4DE9-A96E-17C467870693}.Ad-Hoc|iPhone.ActiveCfg = Release|Any CPU
		{6FDAC3D0-F571-4DE9-A96E-17C467870693}.Ad-Hoc|iPhone.Build.0 = Release|Any CPU
		{6FDAC3D0-F571-4DE9-A96E-17C467870693}.Ad-Hoc|iPhone.Deploy.0 = Release|Any CPU
		{6FDAC3D0-F571-4DE9-A96E-17C467870693}.Ad-Hoc|iPhoneSimulator.ActiveCfg = Release|Any CPU
		{6FDAC3D0-F571-4DE9-A96E-17C467870693}.Ad-Hoc|iPhoneSimulator.Build.0 = Release|Any CPU
		{6FDAC3D0-F571-4DE9-A96E-17C467870693}.Ad-Hoc|iPhoneSimulator.Deploy.0 = Release|Any CPU
		{6FDAC3D0-F571-4DE9-A96E-17C467870693}.Ad-Hoc|x64.ActiveCfg = Release|Any CPU
		{6FDAC3D0-F571-4DE9-A96E-17C467870693}.Ad-Hoc|x64.Build.0 = Release|Any CPU
		{6FDAC3D0-F571-4DE9-A96E-17C467870693}.Ad-Hoc|x64.Deploy.0 = Release|Any CPU
		{6FDAC3D0-F571-4DE9-A96E-17C467870693}.Ad-Hoc|x86.ActiveCfg = Release|Any CPU
		{6FDAC3D0-F571-4DE9-A96E-17C467870693}.Ad-Hoc|x86.Build.0 = Release|Any CPU
		{6FDAC3D0-F571-4DE9-A96E-17C467870693}.Ad-Hoc|x86.Deploy.0 = Release|Any CPU
		{6FDAC3D0-F571-4DE9-A96E-17C467870693}.AppStore|Any CPU.ActiveCfg = Release|Any CPU
		{6FDAC3D0-F571-4DE9-A96E-17C467870693}.AppStore|Any CPU.Build.0 = Release|Any CPU
		{6FDAC3D0-F571-4DE9-A96E-17C467870693}.AppStore|Any CPU.Deploy.0 = Release|Any CPU
		{6FDAC3D0-F571-4DE9-A96E-17C467870693}.AppStore|ARM.ActiveCfg = Release|Any CPU
		{6FDAC3D0-F571-4DE9-A96E-17C467870693}.AppStore|ARM.Build.0 = Release|Any CPU
		{6FDAC3D0-F571-4DE9-A96E-17C467870693}.AppStore|ARM.Deploy.0 = Release|Any CPU
		{6FDAC3D0-F571-4DE9-A96E-17C467870693}.AppStore|iPhone.ActiveCfg = Release|Any CPU
		{6FDAC3D0-F571-4DE9-A96E-17C467870693}.AppStore|iPhone.Build.0 = Release|Any CPU
		{6FDAC3D0-F571-4DE9-A96E-17C467870693}.AppStore|iPhone.Deploy.0 = Release|Any CPU
		{6FDAC3D0-F571-4DE9-A96E-17C467870693}.AppStore|iPhoneSimulator.ActiveCfg = Release|Any CPU
		{6FDAC3D0-F571-4DE9-A96E-17C467870693}.AppStore|iPhoneSimulator.Build.0 = Release|Any CPU
		{6FDAC3D0-F571-4DE9-A96E-17C467870693}.AppStore|iPhoneSimulator.Deploy.0 = Release|Any CPU
		{6FDAC3D0-F571-4DE9-A96E-17C467870693}.AppStore|x64.ActiveCfg = Release|Any CPU
		{6FDAC3D0-F571-4DE9-A96E-17C467870693}.AppStore|x64.Build.0 = Release|Any CPU
		{6FDAC3D0-F571-4DE9-A96E-17C467870693}.AppStore|x64.Deploy.0 = Release|Any CPU
		{6FDAC3D0-F571-4DE9-A96E-17C467870693}.AppStore|x86.ActiveCfg = Release|Any CPU
		{6FDAC3D0-F571-4DE9-A96E-17C467870693}.AppStore|x86.Build.0 = Release|Any CPU
		{6FDAC3D0-F571-4DE9-A96E-17C467870693}.AppStore|x86.Deploy.0 = Release|Any CPU
		{6FDAC3D0-F571-4DE9-A96E-17C467870693}.Debug|Any CPU.ActiveCfg = Debug|Any CPU
		{6FDAC3D0-F571-4DE9-A96E-17C467870693}.Debug|Any CPU.Build.0 = Debug|Any CPU
		{6FDAC3D0-F571-4DE9-A96E-17C467870693}.Debug|Any CPU.Deploy.0 = Debug|Any CPU
		{6FDAC3D0-F571-4DE9-A96E-17C467870693}.Debug|ARM.ActiveCfg = Debug|Any CPU
		{6FDAC3D0-F571-4DE9-A96E-17C467870693}.Debug|ARM.Build.0 = Debug|Any CPU
		{6FDAC3D0-F571-4DE9-A96E-17C467870693}.Debug|ARM.Deploy.0 = Debug|Any CPU
		{6FDAC3D0-F571-4DE9-A96E-17C467870693}.Debug|iPhone.ActiveCfg = Debug|Any CPU
		{6FDAC3D0-F571-4DE9-A96E-17C467870693}.Debug|iPhone.Build.0 = Debug|Any CPU
		{6FDAC3D0-F571-4DE9-A96E-17C467870693}.Debug|iPhone.Deploy.0 = Debug|Any CPU
		{6FDAC3D0-F571-4DE9-A96E-17C467870693}.Debug|iPhoneSimulator.ActiveCfg = Debug|Any CPU
		{6FDAC3D0-F571-4DE9-A96E-17C467870693}.Debug|iPhoneSimulator.Build.0 = Debug|Any CPU
		{6FDAC3D0-F571-4DE9-A96E-17C467870693}.Debug|iPhoneSimulator.Deploy.0 = Debug|Any CPU
		{6FDAC3D0-F571-4DE9-A96E-17C467870693}.Debug|x64.ActiveCfg = Debug|Any CPU
		{6FDAC3D0-F571-4DE9-A96E-17C467870693}.Debug|x64.Build.0 = Debug|Any CPU
		{6FDAC3D0-F571-4DE9-A96E-17C467870693}.Debug|x64.Deploy.0 = Debug|Any CPU
		{6FDAC3D0-F571-4DE9-A96E-17C467870693}.Debug|x86.ActiveCfg = Debug|Any CPU
		{6FDAC3D0-F571-4DE9-A96E-17C467870693}.Debug|x86.Build.0 = Debug|Any CPU
		{6FDAC3D0-F571-4DE9-A96E-17C467870693}.Debug|x86.Deploy.0 = Debug|Any CPU
		{6FDAC3D0-F571-4DE9-A96E-17C467870693}.Release|Any CPU.ActiveCfg = Release|Any CPU
		{6FDAC3D0-F571-4DE9-A96E-17C467870693}.Release|Any CPU.Build.0 = Release|Any CPU
		{6FDAC3D0-F571-4DE9-A96E-17C467870693}.Release|Any CPU.Deploy.0 = Release|Any CPU
		{6FDAC3D0-F571-4DE9-A96E-17C467870693}.Release|ARM.ActiveCfg = Release|Any CPU
		{6FDAC3D0-F571-4DE9-A96E-17C467870693}.Release|ARM.Build.0 = Release|Any CPU
		{6FDAC3D0-F571-4DE9-A96E-17C467870693}.Release|ARM.Deploy.0 = Release|Any CPU
		{6FDAC3D0-F571-4DE9-A96E-17C467870693}.Release|iPhone.ActiveCfg = Release|Any CPU
		{6FDAC3D0-F571-4DE9-A96E-17C467870693}.Release|iPhone.Build.0 = Release|Any CPU
		{6FDAC3D0-F571-4DE9-A96E-17C467870693}.Release|iPhone.Deploy.0 = Release|Any CPU
		{6FDAC3D0-F571-4DE9-A96E-17C467870693}.Release|iPhoneSimulator.ActiveCfg = Release|Any CPU
		{6FDAC3D0-F571-4DE9-A96E-17C467870693}.Release|iPhoneSimulator.Build.0 = Release|Any CPU
		{6FDAC3D0-F571-4DE9-A96E-17C467870693}.Release|iPhoneSimulator.Deploy.0 = Release|Any CPU
		{6FDAC3D0-F571-4DE9-A96E-17C467870693}.Release|x64.ActiveCfg = Release|Any CPU
		{6FDAC3D0-F571-4DE9-A96E-17C467870693}.Release|x64.Build.0 = Release|Any CPU
		{6FDAC3D0-F571-4DE9-A96E-17C467870693}.Release|x64.Deploy.0 = Release|Any CPU
		{6FDAC3D0-F571-4DE9-A96E-17C467870693}.Release|x86.ActiveCfg = Release|Any CPU
		{6FDAC3D0-F571-4DE9-A96E-17C467870693}.Release|x86.Build.0 = Release|Any CPU
		{6FDAC3D0-F571-4DE9-A96E-17C467870693}.Release|x86.Deploy.0 = Release|Any CPU
		{383AC236-E18F-4A10-A669-03FBE4B451FC}.Ad-Hoc|Any CPU.ActiveCfg = Ad-Hoc|iPhone
		{383AC236-E18F-4A10-A669-03FBE4B451FC}.Ad-Hoc|Any CPU.Build.0 = Ad-Hoc|iPhone
		{383AC236-E18F-4A10-A669-03FBE4B451FC}.Ad-Hoc|Any CPU.Deploy.0 = Ad-Hoc|iPhone
		{383AC236-E18F-4A10-A669-03FBE4B451FC}.Ad-Hoc|ARM.ActiveCfg = Ad-Hoc|iPhone
		{383AC236-E18F-4A10-A669-03FBE4B451FC}.Ad-Hoc|ARM.Build.0 = Ad-Hoc|iPhone
		{383AC236-E18F-4A10-A669-03FBE4B451FC}.Ad-Hoc|ARM.Deploy.0 = Ad-Hoc|iPhone
		{383AC236-E18F-4A10-A669-03FBE4B451FC}.Ad-Hoc|iPhone.ActiveCfg = Ad-Hoc|iPhone
		{383AC236-E18F-4A10-A669-03FBE4B451FC}.Ad-Hoc|iPhone.Build.0 = Ad-Hoc|iPhone
		{383AC236-E18F-4A10-A669-03FBE4B451FC}.Ad-Hoc|iPhone.Deploy.0 = Ad-Hoc|iPhone
		{383AC236-E18F-4A10-A669-03FBE4B451FC}.Ad-Hoc|iPhoneSimulator.ActiveCfg = Ad-Hoc|iPhoneSimulator
		{383AC236-E18F-4A10-A669-03FBE4B451FC}.Ad-Hoc|iPhoneSimulator.Build.0 = Ad-Hoc|iPhoneSimulator
		{383AC236-E18F-4A10-A669-03FBE4B451FC}.Ad-Hoc|iPhoneSimulator.Deploy.0 = Ad-Hoc|iPhoneSimulator
		{383AC236-E18F-4A10-A669-03FBE4B451FC}.Ad-Hoc|x64.ActiveCfg = Ad-Hoc|iPhone
		{383AC236-E18F-4A10-A669-03FBE4B451FC}.Ad-Hoc|x64.Build.0 = Ad-Hoc|iPhone
		{383AC236-E18F-4A10-A669-03FBE4B451FC}.Ad-Hoc|x64.Deploy.0 = Ad-Hoc|iPhone
		{383AC236-E18F-4A10-A669-03FBE4B451FC}.Ad-Hoc|x86.ActiveCfg = Ad-Hoc|iPhone
		{383AC236-E18F-4A10-A669-03FBE4B451FC}.Ad-Hoc|x86.Build.0 = Ad-Hoc|iPhone
		{383AC236-E18F-4A10-A669-03FBE4B451FC}.Ad-Hoc|x86.Deploy.0 = Ad-Hoc|iPhone
		{383AC236-E18F-4A10-A669-03FBE4B451FC}.AppStore|Any CPU.ActiveCfg = AppStore|iPhone
		{383AC236-E18F-4A10-A669-03FBE4B451FC}.AppStore|Any CPU.Build.0 = AppStore|iPhone
		{383AC236-E18F-4A10-A669-03FBE4B451FC}.AppStore|Any CPU.Deploy.0 = AppStore|iPhone
		{383AC236-E18F-4A10-A669-03FBE4B451FC}.AppStore|ARM.ActiveCfg = AppStore|iPhone
		{383AC236-E18F-4A10-A669-03FBE4B451FC}.AppStore|ARM.Build.0 = AppStore|iPhone
		{383AC236-E18F-4A10-A669-03FBE4B451FC}.AppStore|ARM.Deploy.0 = AppStore|iPhone
		{383AC236-E18F-4A10-A669-03FBE4B451FC}.AppStore|iPhone.ActiveCfg = AppStore|iPhone
		{383AC236-E18F-4A10-A669-03FBE4B451FC}.AppStore|iPhone.Build.0 = AppStore|iPhone
		{383AC236-E18F-4A10-A669-03FBE4B451FC}.AppStore|iPhone.Deploy.0 = AppStore|iPhone
		{383AC236-E18F-4A10-A669-03FBE4B451FC}.AppStore|iPhoneSimulator.ActiveCfg = AppStore|iPhoneSimulator
		{383AC236-E18F-4A10-A669-03FBE4B451FC}.AppStore|iPhoneSimulator.Build.0 = AppStore|iPhoneSimulator
		{383AC236-E18F-4A10-A669-03FBE4B451FC}.AppStore|iPhoneSimulator.Deploy.0 = AppStore|iPhoneSimulator
		{383AC236-E18F-4A10-A669-03FBE4B451FC}.AppStore|x64.ActiveCfg = AppStore|iPhone
		{383AC236-E18F-4A10-A669-03FBE4B451FC}.AppStore|x64.Build.0 = AppStore|iPhone
		{383AC236-E18F-4A10-A669-03FBE4B451FC}.AppStore|x64.Deploy.0 = AppStore|iPhone
		{383AC236-E18F-4A10-A669-03FBE4B451FC}.AppStore|x86.ActiveCfg = AppStore|iPhone
		{383AC236-E18F-4A10-A669-03FBE4B451FC}.AppStore|x86.Build.0 = AppStore|iPhone
		{383AC236-E18F-4A10-A669-03FBE4B451FC}.AppStore|x86.Deploy.0 = AppStore|iPhone
		{383AC236-E18F-4A10-A669-03FBE4B451FC}.Debug|Any CPU.ActiveCfg = Debug|iPhoneSimulator
		{383AC236-E18F-4A10-A669-03FBE4B451FC}.Debug|Any CPU.Build.0 = Debug|iPhoneSimulator
		{383AC236-E18F-4A10-A669-03FBE4B451FC}.Debug|Any CPU.Deploy.0 = Debug|iPhoneSimulator
		{383AC236-E18F-4A10-A669-03FBE4B451FC}.Debug|ARM.ActiveCfg = Debug|iPhone
		{383AC236-E18F-4A10-A669-03FBE4B451FC}.Debug|ARM.Build.0 = Debug|iPhone
		{383AC236-E18F-4A10-A669-03FBE4B451FC}.Debug|ARM.Deploy.0 = Debug|iPhone
		{383AC236-E18F-4A10-A669-03FBE4B451FC}.Debug|iPhone.ActiveCfg = Debug|iPhone
		{383AC236-E18F-4A10-A669-03FBE4B451FC}.Debug|iPhone.Build.0 = Debug|iPhone
		{383AC236-E18F-4A10-A669-03FBE4B451FC}.Debug|iPhone.Deploy.0 = Debug|iPhone
		{383AC236-E18F-4A10-A669-03FBE4B451FC}.Debug|iPhoneSimulator.ActiveCfg = Debug|iPhoneSimulator
		{383AC236-E18F-4A10-A669-03FBE4B451FC}.Debug|iPhoneSimulator.Build.0 = Debug|iPhoneSimulator
		{383AC236-E18F-4A10-A669-03FBE4B451FC}.Debug|iPhoneSimulator.Deploy.0 = Debug|iPhoneSimulator
		{383AC236-E18F-4A10-A669-03FBE4B451FC}.Debug|x64.ActiveCfg = Debug|iPhone
		{383AC236-E18F-4A10-A669-03FBE4B451FC}.Debug|x64.Build.0 = Debug|iPhone
		{383AC236-E18F-4A10-A669-03FBE4B451FC}.Debug|x64.Deploy.0 = Debug|iPhone
		{383AC236-E18F-4A10-A669-03FBE4B451FC}.Debug|x86.ActiveCfg = Debug|iPhone
		{383AC236-E18F-4A10-A669-03FBE4B451FC}.Debug|x86.Build.0 = Debug|iPhone
		{383AC236-E18F-4A10-A669-03FBE4B451FC}.Debug|x86.Deploy.0 = Debug|iPhone
		{383AC236-E18F-4A10-A669-03FBE4B451FC}.Release|Any CPU.ActiveCfg = Release|iPhone
		{383AC236-E18F-4A10-A669-03FBE4B451FC}.Release|Any CPU.Build.0 = Release|iPhone
		{383AC236-E18F-4A10-A669-03FBE4B451FC}.Release|Any CPU.Deploy.0 = Release|iPhone
		{383AC236-E18F-4A10-A669-03FBE4B451FC}.Release|ARM.ActiveCfg = Release|iPhone
		{383AC236-E18F-4A10-A669-03FBE4B451FC}.Release|ARM.Build.0 = Release|iPhone
		{383AC236-E18F-4A10-A669-03FBE4B451FC}.Release|ARM.Deploy.0 = Release|iPhone
		{383AC236-E18F-4A10-A669-03FBE4B451FC}.Release|iPhone.ActiveCfg = Release|iPhone
		{383AC236-E18F-4A10-A669-03FBE4B451FC}.Release|iPhone.Build.0 = Release|iPhone
		{383AC236-E18F-4A10-A669-03FBE4B451FC}.Release|iPhone.Deploy.0 = Release|iPhone
		{383AC236-E18F-4A10-A669-03FBE4B451FC}.Release|iPhoneSimulator.ActiveCfg = Release|iPhoneSimulator
		{383AC236-E18F-4A10-A669-03FBE4B451FC}.Release|iPhoneSimulator.Build.0 = Release|iPhoneSimulator
		{383AC236-E18F-4A10-A669-03FBE4B451FC}.Release|iPhoneSimulator.Deploy.0 = Release|iPhoneSimulator
		{383AC236-E18F-4A10-A669-03FBE4B451FC}.Release|x64.ActiveCfg = Release|iPhone
		{383AC236-E18F-4A10-A669-03FBE4B451FC}.Release|x64.Build.0 = Release|iPhone
		{383AC236-E18F-4A10-A669-03FBE4B451FC}.Release|x64.Deploy.0 = Release|iPhone
		{383AC236-E18F-4A10-A669-03FBE4B451FC}.Release|x86.ActiveCfg = Release|iPhone
		{383AC236-E18F-4A10-A669-03FBE4B451FC}.Release|x86.Build.0 = Release|iPhone
		{383AC236-E18F-4A10-A669-03FBE4B451FC}.Release|x86.Deploy.0 = Release|iPhone
		{09C157C4-726B-45BE-99F5-FE2F92990D19}.Ad-Hoc|Any CPU.ActiveCfg = Release|x86
		{09C157C4-726B-45BE-99F5-FE2F92990D19}.Ad-Hoc|Any CPU.Build.0 = Release|x86
		{09C157C4-726B-45BE-99F5-FE2F92990D19}.Ad-Hoc|Any CPU.Deploy.0 = Release|x86
		{09C157C4-726B-45BE-99F5-FE2F92990D19}.Ad-Hoc|ARM.ActiveCfg = Release|ARM
		{09C157C4-726B-45BE-99F5-FE2F92990D19}.Ad-Hoc|ARM.Build.0 = Release|ARM
		{09C157C4-726B-45BE-99F5-FE2F92990D19}.Ad-Hoc|ARM.Deploy.0 = Release|ARM
		{09C157C4-726B-45BE-99F5-FE2F92990D19}.Ad-Hoc|iPhone.ActiveCfg = Release|x86
		{09C157C4-726B-45BE-99F5-FE2F92990D19}.Ad-Hoc|iPhone.Build.0 = Release|x86
		{09C157C4-726B-45BE-99F5-FE2F92990D19}.Ad-Hoc|iPhone.Deploy.0 = Release|x86
		{09C157C4-726B-45BE-99F5-FE2F92990D19}.Ad-Hoc|iPhoneSimulator.ActiveCfg = Release|x86
		{09C157C4-726B-45BE-99F5-FE2F92990D19}.Ad-Hoc|iPhoneSimulator.Build.0 = Release|x86
		{09C157C4-726B-45BE-99F5-FE2F92990D19}.Ad-Hoc|iPhoneSimulator.Deploy.0 = Release|x86
		{09C157C4-726B-45BE-99F5-FE2F92990D19}.Ad-Hoc|x64.ActiveCfg = Release|x64
		{09C157C4-726B-45BE-99F5-FE2F92990D19}.Ad-Hoc|x64.Build.0 = Release|x64
		{09C157C4-726B-45BE-99F5-FE2F92990D19}.Ad-Hoc|x64.Deploy.0 = Release|x64
		{09C157C4-726B-45BE-99F5-FE2F92990D19}.Ad-Hoc|x86.ActiveCfg = Release|x86
		{09C157C4-726B-45BE-99F5-FE2F92990D19}.Ad-Hoc|x86.Build.0 = Release|x86
		{09C157C4-726B-45BE-99F5-FE2F92990D19}.Ad-Hoc|x86.Deploy.0 = Release|x86
		{09C157C4-726B-45BE-99F5-FE2F92990D19}.AppStore|Any CPU.ActiveCfg = Release|x86
		{09C157C4-726B-45BE-99F5-FE2F92990D19}.AppStore|Any CPU.Build.0 = Release|x86
		{09C157C4-726B-45BE-99F5-FE2F92990D19}.AppStore|Any CPU.Deploy.0 = Release|x86
		{09C157C4-726B-45BE-99F5-FE2F92990D19}.AppStore|ARM.ActiveCfg = Release|ARM
		{09C157C4-726B-45BE-99F5-FE2F92990D19}.AppStore|ARM.Build.0 = Release|ARM
		{09C157C4-726B-45BE-99F5-FE2F92990D19}.AppStore|ARM.Deploy.0 = Release|ARM
		{09C157C4-726B-45BE-99F5-FE2F92990D19}.AppStore|iPhone.ActiveCfg = Release|x86
		{09C157C4-726B-45BE-99F5-FE2F92990D19}.AppStore|iPhone.Build.0 = Release|x86
		{09C157C4-726B-45BE-99F5-FE2F92990D19}.AppStore|iPhone.Deploy.0 = Release|x86
		{09C157C4-726B-45BE-99F5-FE2F92990D19}.AppStore|iPhoneSimulator.ActiveCfg = Release|x86
		{09C157C4-726B-45BE-99F5-FE2F92990D19}.AppStore|iPhoneSimulator.Build.0 = Release|x86
		{09C157C4-726B-45BE-99F5-FE2F92990D19}.AppStore|iPhoneSimulator.Deploy.0 = Release|x86
		{09C157C4-726B-45BE-99F5-FE2F92990D19}.AppStore|x64.ActiveCfg = Release|x64
		{09C157C4-726B-45BE-99F5-FE2F92990D19}.AppStore|x64.Build.0 = Release|x64
		{09C157C4-726B-45BE-99F5-FE2F92990D19}.AppStore|x64.Deploy.0 = Release|x64
		{09C157C4-726B-45BE-99F5-FE2F92990D19}.AppStore|x86.ActiveCfg = Release|x86
		{09C157C4-726B-45BE-99F5-FE2F92990D19}.AppStore|x86.Build.0 = Release|x86
		{09C157C4-726B-45BE-99F5-FE2F92990D19}.AppStore|x86.Deploy.0 = Release|x86
		{09C157C4-726B-45BE-99F5-FE2F92990D19}.Debug|Any CPU.ActiveCfg = Debug|x86
		{09C157C4-726B-45BE-99F5-FE2F92990D19}.Debug|Any CPU.Build.0 = Debug|x86
		{09C157C4-726B-45BE-99F5-FE2F92990D19}.Debug|Any CPU.Deploy.0 = Debug|x86
		{09C157C4-726B-45BE-99F5-FE2F92990D19}.Debug|ARM.ActiveCfg = Debug|ARM
		{09C157C4-726B-45BE-99F5-FE2F92990D19}.Debug|ARM.Build.0 = Debug|ARM
		{09C157C4-726B-45BE-99F5-FE2F92990D19}.Debug|ARM.Deploy.0 = Debug|ARM
		{09C157C4-726B-45BE-99F5-FE2F92990D19}.Debug|iPhone.ActiveCfg = Debug|x86
		{09C157C4-726B-45BE-99F5-FE2F92990D19}.Debug|iPhone.Build.0 = Debug|x86
		{09C157C4-726B-45BE-99F5-FE2F92990D19}.Debug|iPhone.Deploy.0 = Debug|x86
		{09C157C4-726B-45BE-99F5-FE2F92990D19}.Debug|iPhoneSimulator.ActiveCfg = Debug|x86
		{09C157C4-726B-45BE-99F5-FE2F92990D19}.Debug|iPhoneSimulator.Build.0 = Debug|x86
		{09C157C4-726B-45BE-99F5-FE2F92990D19}.Debug|iPhoneSimulator.Deploy.0 = Debug|x86
		{09C157C4-726B-45BE-99F5-FE2F92990D19}.Debug|x64.ActiveCfg = Debug|x64
		{09C157C4-726B-45BE-99F5-FE2F92990D19}.Debug|x64.Build.0 = Debug|x64
		{09C157C4-726B-45BE-99F5-FE2F92990D19}.Debug|x64.Deploy.0 = Debug|x64
		{09C157C4-726B-45BE-99F5-FE2F92990D19}.Debug|x86.ActiveCfg = Debug|x86
		{09C157C4-726B-45BE-99F5-FE2F92990D19}.Debug|x86.Build.0 = Debug|x86
		{09C157C4-726B-45BE-99F5-FE2F92990D19}.Debug|x86.Deploy.0 = Debug|x86
		{09C157C4-726B-45BE-99F5-FE2F92990D19}.Release|Any CPU.ActiveCfg = Release|x86
		{09C157C4-726B-45BE-99F5-FE2F92990D19}.Release|Any CPU.Build.0 = Release|x86
		{09C157C4-726B-45BE-99F5-FE2F92990D19}.Release|Any CPU.Deploy.0 = Release|x86
		{09C157C4-726B-45BE-99F5-FE2F92990D19}.Release|ARM.ActiveCfg = Release|ARM
		{09C157C4-726B-45BE-99F5-FE2F92990D19}.Release|ARM.Build.0 = Release|ARM
		{09C157C4-726B-45BE-99F5-FE2F92990D19}.Release|ARM.Deploy.0 = Release|ARM
		{09C157C4-726B-45BE-99F5-FE2F92990D19}.Release|iPhone.ActiveCfg = Release|x86
		{09C157C4-726B-45BE-99F5-FE2F92990D19}.Release|iPhone.Build.0 = Release|x86
		{09C157C4-726B-45BE-99F5-FE2F92990D19}.Release|iPhone.Deploy.0 = Release|x86
		{09C157C4-726B-45BE-99F5-FE2F92990D19}.Release|iPhoneSimulator.ActiveCfg = Release|x86
		{09C157C4-726B-45BE-99F5-FE2F92990D19}.Release|iPhoneSimulator.Build.0 = Release|x86
		{09C157C4-726B-45BE-99F5-FE2F92990D19}.Release|iPhoneSimulator.Deploy.0 = Release|x86
		{09C157C4-726B-45BE-99F5-FE2F92990D19}.Release|x64.ActiveCfg = Release|x64
		{09C157C4-726B-45BE-99F5-FE2F92990D19}.Release|x64.Build.0 = Release|x64
		{09C157C4-726B-45BE-99F5-FE2F92990D19}.Release|x64.Deploy.0 = Release|x64
		{09C157C4-726B-45BE-99F5-FE2F92990D19}.Release|x86.ActiveCfg = Release|x86
		{09C157C4-726B-45BE-99F5-FE2F92990D19}.Release|x86.Build.0 = Release|x86
		{09C157C4-726B-45BE-99F5-FE2F92990D19}.Release|x86.Deploy.0 = Release|x86
	EndGlobalSection
	GlobalSection(SolutionProperties) = preSolution
		HideSolutionNode = FALSE
	EndGlobalSection
	GlobalSection(ExtensibilityGlobals) = postSolution
		SolutionGuid = {CD732D17-E020-4313-97F0-7093FF781BCB}
	EndGlobalSection
EndGlobal
